
Microsoft Visual Studio Solution File, Format Version 12.00
# Visual Studio Version 16
VisualStudioVersion = 16.0.29123.89
MinimumVisualStudioVersion = 10.0.40219.1
Project("{FAE04EC0-301F-11D3-BF4B-00C04F79EFBC}") = "Kartonowanie", "Kartonowanie\Kartonowanie.csproj", "{B489A57B-3529-46E1-9319-644CD5DE669F}"
EndProject
Global
	GlobalSection(SolutionConfigurationPlatforms) = preSolution
		Debug|Any CPU = Debug|Any CPU
		Release|Any CPU = Release|Any CPU
	EndGlobalSection
	GlobalSection(ProjectConfigurationPlatforms) = postSolution
		{B489A57B-3529-46E1-9319-644CD5DE669F}.Debug|Any CPU.ActiveCfg = Debug|Any CPU
		{B489A57B-3529-46E1-9319-644CD5DE669F}.Debug|Any CPU.Build.0 = Debug|Any CPU
		{B489A57B-3529-46E1-9319-644CD5DE669F}.Release|Any CPU.ActiveCfg = Release|Any CPU
		{B489A57B-3529-46E1-9319-644CD5DE669F}.Release|Any CPU.Build.0 = Release|Any CPU
	EndGlobalSection
	GlobalSection(SolutionProperties) = preSolution
		HideSolutionNode = FALSE
	EndGlobalSection
	GlobalSection(ExtensibilityGlobals) = postSolution
		SolutionGuid = {A8E8C979-E636-45F7-A0C7-F0097D7EB9B0}
	EndGlobalSection
EndGlobal
